
Microsoft Visual Studio Solution File, Format Version 12.00
# Visual Studio Version 16
VisualStudioVersion = 16.0.29728.190
MinimumVisualStudioVersion = 10.0.40219.1
Project("{9A19103F-16F7-4668-BE54-9A1E7A4F7556}") = "eventManagement.WebAPI", "eventManagement.WebAPI\eventManagement.WebAPI.csproj", "{7B936E3A-DCDE-446D-A8EF-1933D0B44675}"
EndProject
Project("{9A19103F-16F7-4668-BE54-9A1E7A4F7556}") = "eventManagement.Model", "eventManagement.Model\eventManagement.Model.csproj", "{A4140975-338A-43D8-A86F-BE83D19D8E9B}"
EndProject
Project("{2150E333-8FDC-42A3-9474-1A3956D46DE8}") = "UI", "UI", "{8D8DDB36-6349-4108-926F-C73876318288}"
EndProject
Project("{FAE04EC0-301F-11D3-BF4B-00C04F79EFBC}") = "eventManagement.WinUI", "eventManagement.WinUI\eventManagement.WinUI.csproj", "{A83E14F5-1CFD-4710-B118-E0F267A7B912}"
EndProject
Project("{2150E333-8FDC-42A3-9474-1A3956D46DE8}") = "eventManagement.Mobile", "eventManagement.Mobile", "{401D688E-C9CF-4077-8F4D-DE00BCB45893}"
EndProject
Project("{FAE04EC0-301F-11D3-BF4B-00C04F79EFBC}") = "eventManagement.MobileApp.UWP", "eventManagement.MobileApp\eventManagement.MobileApp.UWP\eventManagement.MobileApp.UWP.csproj", "{EAFFB68A-4E9F-48FC-9477-88901241D2F3}"
EndProject
Project("{FAE04EC0-301F-11D3-BF4B-00C04F79EFBC}") = "eventManagement.MobileApp.Android", "eventManagement.MobileApp\eventManagement.MobileApp.Android\eventManagement.MobileApp.Android.csproj", "{FFA67AA3-DCCC-493E-A00B-0E7740E79048}"
EndProject
Project("{FAE04EC0-301F-11D3-BF4B-00C04F79EFBC}") = "eventManagement.MobileApp.iOS", "eventManagement.MobileApp\eventManagement.MobileApp.iOS\eventManagement.MobileApp.iOS.csproj", "{A1EF62B7-95D0-45BE-B6A2-F624C2647401}"
EndProject
Project("{FAE04EC0-301F-11D3-BF4B-00C04F79EFBC}") = "eventManagement.MobileApp", "eventManagement.MobileApp\eventManagement.MobileApp\eventManagement.MobileApp.csproj", "{13AB89EA-7BC1-416E-AB63-7597886C9F9F}"
EndProject
Global
	GlobalSection(SolutionConfigurationPlatforms) = preSolution
		Debug|Any CPU = Debug|Any CPU
		Debug|ARM = Debug|ARM
		Debug|iPhone = Debug|iPhone
		Debug|iPhoneSimulator = Debug|iPhoneSimulator
		Debug|x64 = Debug|x64
		Debug|x86 = Debug|x86
		Release|Any CPU = Release|Any CPU
		Release|ARM = Release|ARM
		Release|iPhone = Release|iPhone
		Release|iPhoneSimulator = Release|iPhoneSimulator
		Release|x64 = Release|x64
		Release|x86 = Release|x86
	EndGlobalSection
	GlobalSection(ProjectConfigurationPlatforms) = postSolution
		{7B936E3A-DCDE-446D-A8EF-1933D0B44675}.Debug|Any CPU.ActiveCfg = Debug|Any CPU
		{7B936E3A-DCDE-446D-A8EF-1933D0B44675}.Debug|Any CPU.Build.0 = Debug|Any CPU
		{7B936E3A-DCDE-446D-A8EF-1933D0B44675}.Debug|ARM.ActiveCfg = Debug|Any CPU
		{7B936E3A-DCDE-446D-A8EF-1933D0B44675}.Debug|ARM.Build.0 = Debug|Any CPU
		{7B936E3A-DCDE-446D-A8EF-1933D0B44675}.Debug|iPhone.ActiveCfg = Debug|Any CPU
		{7B936E3A-DCDE-446D-A8EF-1933D0B44675}.Debug|iPhone.Build.0 = Debug|Any CPU
		{7B936E3A-DCDE-446D-A8EF-1933D0B44675}.Debug|iPhoneSimulator.ActiveCfg = Debug|Any CPU
		{7B936E3A-DCDE-446D-A8EF-1933D0B44675}.Debug|iPhoneSimulator.Build.0 = Debug|Any CPU
		{7B936E3A-DCDE-446D-A8EF-1933D0B44675}.Debug|x64.ActiveCfg = Debug|Any CPU
		{7B936E3A-DCDE-446D-A8EF-1933D0B44675}.Debug|x64.Build.0 = Debug|Any CPU
		{7B936E3A-DCDE-446D-A8EF-1933D0B44675}.Debug|x86.ActiveCfg = Debug|Any CPU
		{7B936E3A-DCDE-446D-A8EF-1933D0B44675}.Debug|x86.Build.0 = Debug|Any CPU
		{7B936E3A-DCDE-446D-A8EF-1933D0B44675}.Release|Any CPU.ActiveCfg = Release|Any CPU
		{7B936E3A-DCDE-446D-A8EF-1933D0B44675}.Release|Any CPU.Build.0 = Release|Any CPU
		{7B936E3A-DCDE-446D-A8EF-1933D0B44675}.Release|ARM.ActiveCfg = Release|Any CPU
		{7B936E3A-DCDE-446D-A8EF-1933D0B44675}.Release|ARM.Build.0 = Release|Any CPU
		{7B936E3A-DCDE-446D-A8EF-1933D0B44675}.Release|iPhone.ActiveCfg = Release|Any CPU
		{7B936E3A-DCDE-446D-A8EF-1933D0B44675}.Release|iPhone.Build.0 = Release|Any CPU
		{7B936E3A-DCDE-446D-A8EF-1933D0B44675}.Release|iPhoneSimulator.ActiveCfg = Release|Any CPU
		{7B936E3A-DCDE-446D-A8EF-1933D0B44675}.Release|iPhoneSimulator.Build.0 = Release|Any CPU
		{7B936E3A-DCDE-446D-A8EF-1933D0B44675}.Release|x64.ActiveCfg = Release|Any CPU
		{7B936E3A-DCDE-446D-A8EF-1933D0B44675}.Release|x64.Build.0 = Release|Any CPU
		{7B936E3A-DCDE-446D-A8EF-1933D0B44675}.Release|x86.ActiveCfg = Release|Any CPU
		{7B936E3A-DCDE-446D-A8EF-1933D0B44675}.Release|x86.Build.0 = Release|Any CPU
		{A4140975-338A-43D8-A86F-BE83D19D8E9B}.Debug|Any CPU.ActiveCfg = Debug|Any CPU
		{A4140975-338A-43D8-A86F-BE83D19D8E9B}.Debug|Any CPU.Build.0 = Debug|Any CPU
		{A4140975-338A-43D8-A86F-BE83D19D8E9B}.Debug|ARM.ActiveCfg = Debug|Any CPU
		{A4140975-338A-43D8-A86F-BE83D19D8E9B}.Debug|ARM.Build.0 = Debug|Any CPU
		{A4140975-338A-43D8-A86F-BE83D19D8E9B}.Debug|iPhone.ActiveCfg = Debug|Any CPU
		{A4140975-338A-43D8-A86F-BE83D19D8E9B}.Debug|iPhone.Build.0 = Debug|Any CPU
		{A4140975-338A-43D8-A86F-BE83D19D8E9B}.Debug|iPhoneSimulator.ActiveCfg = Debug|Any CPU
		{A4140975-338A-43D8-A86F-BE83D19D8E9B}.Debug|iPhoneSimulator.Build.0 = Debug|Any CPU
		{A4140975-338A-43D8-A86F-BE83D19D8E9B}.Debug|x64.ActiveCfg = Debug|Any CPU
		{A4140975-338A-43D8-A86F-BE83D19D8E9B}.Debug|x64.Build.0 = Debug|Any CPU
		{A4140975-338A-43D8-A86F-BE83D19D8E9B}.Debug|x86.ActiveCfg = Debug|Any CPU
		{A4140975-338A-43D8-A86F-BE83D19D8E9B}.Debug|x86.Build.0 = Debug|Any CPU
		{A4140975-338A-43D8-A86F-BE83D19D8E9B}.Release|Any CPU.ActiveCfg = Release|Any CPU
		{A4140975-338A-43D8-A86F-BE83D19D8E9B}.Release|Any CPU.Build.0 = Release|Any CPU
		{A4140975-338A-43D8-A86F-BE83D19D8E9B}.Release|ARM.ActiveCfg = Release|Any CPU
		{A4140975-338A-43D8-A86F-BE83D19D8E9B}.Release|ARM.Build.0 = Release|Any CPU
		{A4140975-338A-43D8-A86F-BE83D19D8E9B}.Release|iPhone.ActiveCfg = Release|Any CPU
		{A4140975-338A-43D8-A86F-BE83D19D8E9B}.Release|iPhone.Build.0 = Release|Any CPU
		{A4140975-338A-43D8-A86F-BE83D19D8E9B}.Release|iPhoneSimulator.ActiveCfg = Release|Any CPU
		{A4140975-338A-43D8-A86F-BE83D19D8E9B}.Release|iPhoneSimulator.Build.0 = Release|Any CPU
		{A4140975-338A-43D8-A86F-BE83D19D8E9B}.Release|x64.ActiveCfg = Release|Any CPU
		{A4140975-338A-43D8-A86F-BE83D19D8E9B}.Release|x64.Build.0 = Release|Any CPU
		{A4140975-338A-43D8-A86F-BE83D19D8E9B}.Release|x86.ActiveCfg = Release|Any CPU
		{A4140975-338A-43D8-A86F-BE83D19D8E9B}.Release|x86.Build.0 = Release|Any CPU
		{A83E14F5-1CFD-4710-B118-E0F267A7B912}.Debug|Any CPU.ActiveCfg = Debug|Any CPU
		{A83E14F5-1CFD-4710-B118-E0F267A7B912}.Debug|Any CPU.Build.0 = Debug|Any CPU
		{A83E14F5-1CFD-4710-B118-E0F267A7B912}.Debug|ARM.ActiveCfg = Debug|Any CPU
		{A83E14F5-1CFD-4710-B118-E0F267A7B912}.Debug|ARM.Build.0 = Debug|Any CPU
		{A83E14F5-1CFD-4710-B118-E0F267A7B912}.Debug|iPhone.ActiveCfg = Debug|Any CPU
		{A83E14F5-1CFD-4710-B118-E0F267A7B912}.Debug|iPhone.Build.0 = Debug|Any CPU
		{A83E14F5-1CFD-4710-B118-E0F267A7B912}.Debug|iPhoneSimulator.ActiveCfg = Debug|Any CPU
		{A83E14F5-1CFD-4710-B118-E0F267A7B912}.Debug|iPhoneSimulator.Build.0 = Debug|Any CPU
		{A83E14F5-1CFD-4710-B118-E0F267A7B912}.Debug|x64.ActiveCfg = Debug|Any CPU
		{A83E14F5-1CFD-4710-B118-E0F267A7B912}.Debug|x64.Build.0 = Debug|Any CPU
		{A83E14F5-1CFD-4710-B118-E0F267A7B912}.Debug|x86.ActiveCfg = Debug|Any CPU
		{A83E14F5-1CFD-4710-B118-E0F267A7B912}.Debug|x86.Build.0 = Debug|Any CPU
		{A83E14F5-1CFD-4710-B118-E0F267A7B912}.Release|Any CPU.ActiveCfg = Release|Any CPU
		{A83E14F5-1CFD-4710-B118-E0F267A7B912}.Release|Any CPU.Build.0 = Release|Any CPU
		{A83E14F5-1CFD-4710-B118-E0F267A7B912}.Release|ARM.ActiveCfg = Release|Any CPU
		{A83E14F5-1CFD-4710-B118-E0F267A7B912}.Release|ARM.Build.0 = Release|Any CPU
		{A83E14F5-1CFD-4710-B118-E0F267A7B912}.Release|iPhone.ActiveCfg = Release|Any CPU
		{A83E14F5-1CFD-4710-B118-E0F267A7B912}.Release|iPhone.Build.0 = Release|Any CPU
		{A83E14F5-1CFD-4710-B118-E0F267A7B912}.Release|iPhoneSimulator.ActiveCfg = Release|Any CPU
		{A83E14F5-1CFD-4710-B118-E0F267A7B912}.Release|iPhoneSimulator.Build.0 = Release|Any CPU
		{A83E14F5-1CFD-4710-B118-E0F267A7B912}.Release|x64.ActiveCfg = Release|Any CPU
		{A83E14F5-1CFD-4710-B118-E0F267A7B912}.Release|x64.Build.0 = Release|Any CPU
		{A83E14F5-1CFD-4710-B118-E0F267A7B912}.Release|x86.ActiveCfg = Release|Any CPU
		{A83E14F5-1CFD-4710-B118-E0F267A7B912}.Release|x86.Build.0 = Release|Any CPU
		{EAFFB68A-4E9F-48FC-9477-88901241D2F3}.Debug|Any CPU.ActiveCfg = Debug|x86
		{EAFFB68A-4E9F-48FC-9477-88901241D2F3}.Debug|ARM.ActiveCfg = Debug|ARM
		{EAFFB68A-4E9F-48FC-9477-88901241D2F3}.Debug|ARM.Build.0 = Debug|ARM
		{EAFFB68A-4E9F-48FC-9477-88901241D2F3}.Debug|ARM.Deploy.0 = Debug|ARM
		{EAFFB68A-4E9F-48FC-9477-88901241D2F3}.Debug|iPhone.ActiveCfg = Debug|x86
		{EAFFB68A-4E9F-48FC-9477-88901241D2F3}.Debug|iPhoneSimulator.ActiveCfg = Debug|x86
		{EAFFB68A-4E9F-48FC-9477-88901241D2F3}.Debug|x64.ActiveCfg = Debug|x64
		{EAFFB68A-4E9F-48FC-9477-88901241D2F3}.Debug|x64.Build.0 = Debug|x64
		{EAFFB68A-4E9F-48FC-9477-88901241D2F3}.Debug|x64.Deploy.0 = Debug|x64
		{EAFFB68A-4E9F-48FC-9477-88901241D2F3}.Debug|x86.ActiveCfg = Debug|x86
		{EAFFB68A-4E9F-48FC-9477-88901241D2F3}.Debug|x86.Build.0 = Debug|x86
		{EAFFB68A-4E9F-48FC-9477-88901241D2F3}.Debug|x86.Deploy.0 = Debug|x86
		{EAFFB68A-4E9F-48FC-9477-88901241D2F3}.Release|Any CPU.ActiveCfg = Release|x86
		{EAFFB68A-4E9F-48FC-9477-88901241D2F3}.Release|ARM.ActiveCfg = Release|ARM
		{EAFFB68A-4E9F-48FC-9477-88901241D2F3}.Release|ARM.Build.0 = Release|ARM
		{EAFFB68A-4E9F-48FC-9477-88901241D2F3}.Release|ARM.Deploy.0 = Release|ARM
		{EAFFB68A-4E9F-48FC-9477-88901241D2F3}.Release|iPhone.ActiveCfg = Release|x86
		{EAFFB68A-4E9F-48FC-9477-88901241D2F3}.Release|iPhoneSimulator.ActiveCfg = Release|x86
		{EAFFB68A-4E9F-48FC-9477-88901241D2F3}.Release|x64.ActiveCfg = Release|x64
		{EAFFB68A-4E9F-48FC-9477-88901241D2F3}.Release|x64.Build.0 = Release|x64
		{EAFFB68A-4E9F-48FC-9477-88901241D2F3}.Release|x64.Deploy.0 = Release|x64
		{EAFFB68A-4E9F-48FC-9477-88901241D2F3}.Release|x86.ActiveCfg = Release|x86
		{EAFFB68A-4E9F-48FC-9477-88901241D2F3}.Release|x86.Build.0 = Release|x86
		{EAFFB68A-4E9F-48FC-9477-88901241D2F3}.Release|x86.Deploy.0 = Release|x86
		{FFA67AA3-DCCC-493E-A00B-0E7740E79048}.Debug|Any CPU.ActiveCfg = Debug|Any CPU
		{FFA67AA3-DCCC-493E-A00B-0E7740E79048}.Debug|Any CPU.Build.0 = Debug|Any CPU
		{FFA67AA3-DCCC-493E-A00B-0E7740E79048}.Debug|Any CPU.Deploy.0 = Debug|Any CPU
		{FFA67AA3-DCCC-493E-A00B-0E7740E79048}.Debug|ARM.ActiveCfg = Debug|Any CPU
		{FFA67AA3-DCCC-493E-A00B-0E7740E79048}.Debug|ARM.Build.0 = Debug|Any CPU
		{FFA67AA3-DCCC-493E-A00B-0E7740E79048}.Debug|ARM.Deploy.0 = Debug|Any CPU
		{FFA67AA3-DCCC-493E-A00B-0E7740E79048}.Debug|iPhone.ActiveCfg = Debug|Any CPU
		{FFA67AA3-DCCC-493E-A00B-0E7740E79048}.Debug|iPhone.Build.0 = Debug|Any CPU
		{FFA67AA3-DCCC-493E-A00B-0E7740E79048}.Debug|iPhone.Deploy.0 = Debug|Any CPU
		{FFA67AA3-DCCC-493E-A00B-0E7740E79048}.Debug|iPhoneSimulator.ActiveCfg = Debug|Any CPU
		{FFA67AA3-DCCC-493E-A00B-0E7740E79048}.Debug|iPhoneSimulator.Build.0 = Debug|Any CPU
		{FFA67AA3-DCCC-493E-A00B-0E7740E79048}.Debug|iPhoneSimulator.Deploy.0 = Debug|Any CPU
		{FFA67AA3-DCCC-493E-A00B-0E7740E79048}.Debug|x64.ActiveCfg = Debug|Any CPU
		{FFA67AA3-DCCC-493E-A00B-0E7740E79048}.Debug|x64.Build.0 = Debug|Any CPU
		{FFA67AA3-DCCC-493E-A00B-0E7740E79048}.Debug|x64.Deploy.0 = Debug|Any CPU
		{FFA67AA3-DCCC-493E-A00B-0E7740E79048}.Debug|x86.ActiveCfg = Debug|Any CPU
		{FFA67AA3-DCCC-493E-A00B-0E7740E79048}.Debug|x86.Build.0 = Debug|Any CPU
		{FFA67AA3-DCCC-493E-A00B-0E7740E79048}.Debug|x86.Deploy.0 = Debug|Any CPU
		{FFA67AA3-DCCC-493E-A00B-0E7740E79048}.Release|Any CPU.ActiveCfg = Release|Any CPU
		{FFA67AA3-DCCC-493E-A00B-0E7740E79048}.Release|Any CPU.Build.0 = Release|Any CPU
		{FFA67AA3-DCCC-493E-A00B-0E7740E79048}.Release|Any CPU.Deploy.0 = Release|Any CPU
		{FFA67AA3-DCCC-493E-A00B-0E7740E79048}.Release|ARM.ActiveCfg = Release|Any CPU
		{FFA67AA3-DCCC-493E-A00B-0E7740E79048}.Release|ARM.Build.0 = Release|Any CPU
		{FFA67AA3-DCCC-493E-A00B-0E7740E79048}.Release|ARM.Deploy.0 = Release|Any CPU
		{FFA67AA3-DCCC-493E-A00B-0E7740E79048}.Release|iPhone.ActiveCfg = Release|Any CPU
		{FFA67AA3-DCCC-493E-A00B-0E7740E79048}.Release|iPhone.Build.0 = Release|Any CPU
		{FFA67AA3-DCCC-493E-A00B-0E7740E79048}.Release|iPhone.Deploy.0 = Release|Any CPU
		{FFA67AA3-DCCC-493E-A00B-0E7740E79048}.Release|iPhoneSimulator.ActiveCfg = Release|Any CPU
		{FFA67AA3-DCCC-493E-A00B-0E7740E79048}.Release|iPhoneSimulator.Build.0 = Release|Any CPU
		{FFA67AA3-DCCC-493E-A00B-0E7740E79048}.Release|iPhoneSimulator.Deploy.0 = Release|Any CPU
		{FFA67AA3-DCCC-493E-A00B-0E7740E79048}.Release|x64.ActiveCfg = Release|Any CPU
		{FFA67AA3-DCCC-493E-A00B-0E7740E79048}.Release|x64.Build.0 = Release|Any CPU
		{FFA67AA3-DCCC-493E-A00B-0E7740E79048}.Release|x64.Deploy.0 = Release|Any CPU
		{FFA67AA3-DCCC-493E-A00B-0E7740E79048}.Release|x86.ActiveCfg = Release|Any CPU
		{FFA67AA3-DCCC-493E-A00B-0E7740E79048}.Release|x86.Build.0 = Release|Any CPU
		{FFA67AA3-DCCC-493E-A00B-0E7740E79048}.Release|x86.Deploy.0 = Release|Any CPU
		{A1EF62B7-95D0-45BE-B6A2-F624C2647401}.Debug|Any CPU.ActiveCfg = Debug|iPhone
		{A1EF62B7-95D0-45BE-B6A2-F624C2647401}.Debug|ARM.ActiveCfg = Debug|iPhone
		{A1EF62B7-95D0-45BE-B6A2-F624C2647401}.Debug|iPhone.ActiveCfg = Debug|iPhone
		{A1EF62B7-95D0-45BE-B6A2-F624C2647401}.Debug|iPhone.Build.0 = Debug|iPhone
		{A1EF62B7-95D0-45BE-B6A2-F624C2647401}.Debug|iPhoneSimulator.ActiveCfg = Debug|iPhoneSimulator
		{A1EF62B7-95D0-45BE-B6A2-F624C2647401}.Debug|iPhoneSimulator.Build.0 = Debug|iPhoneSimulator
		{A1EF62B7-95D0-45BE-B6A2-F624C2647401}.Debug|x64.ActiveCfg = Debug|iPhone
		{A1EF62B7-95D0-45BE-B6A2-F624C2647401}.Debug|x86.ActiveCfg = Debug|iPhone
		{A1EF62B7-95D0-45BE-B6A2-F624C2647401}.Release|Any CPU.ActiveCfg = Release|iPhone
		{A1EF62B7-95D0-45BE-B6A2-F624C2647401}.Release|ARM.ActiveCfg = Release|iPhone
		{A1EF62B7-95D0-45BE-B6A2-F624C2647401}.Release|iPhone.ActiveCfg = Release|iPhone
		{A1EF62B7-95D0-45BE-B6A2-F624C2647401}.Release|iPhone.Build.0 = Release|iPhone
		{A1EF62B7-95D0-45BE-B6A2-F624C2647401}.Release|iPhoneSimulator.ActiveCfg = Release|iPhoneSimulator
		{A1EF62B7-95D0-45BE-B6A2-F624C2647401}.Release|iPhoneSimulator.Build.0 = Release|iPhoneSimulator
		{A1EF62B7-95D0-45BE-B6A2-F624C2647401}.Release|x64.ActiveCfg = Release|iPhone
		{A1EF62B7-95D0-45BE-B6A2-F624C2647401}.Release|x86.ActiveCfg = Release|iPhone
		{13AB89EA-7BC1-416E-AB63-7597886C9F9F}.Debug|Any CPU.ActiveCfg = Debug|Any CPU
		{13AB89EA-7BC1-416E-AB63-7597886C9F9F}.Debug|Any CPU.Build.0 = Debug|Any CPU
		{13AB89EA-7BC1-416E-AB63-7597886C9F9F}.Debug|ARM.ActiveCfg = Debug|Any CPU
		{13AB89EA-7BC1-416E-AB63-7597886C9F9F}.Debug|ARM.Build.0 = Debug|Any CPU
		{13AB89EA-7BC1-416E-AB63-7597886C9F9F}.Debug|iPhone.ActiveCfg = Debug|Any CPU
		{13AB89EA-7BC1-416E-AB63-7597886C9F9F}.Debug|iPhone.Build.0 = Debug|Any CPU
		{13AB89EA-7BC1-416E-AB63-7597886C9F9F}.Debug|iPhoneSimulator.ActiveCfg = Debug|Any CPU
		{13AB89EA-7BC1-416E-AB63-7597886C9F9F}.Debug|iPhoneSimulator.Build.0 = Debug|Any CPU
		{13AB89EA-7BC1-416E-AB63-7597886C9F9F}.Debug|x64.ActiveCfg = Debug|Any CPU
		{13AB89EA-7BC1-416E-AB63-7597886C9F9F}.Debug|x64.Build.0 = Debug|Any CPU
		{13AB89EA-7BC1-416E-AB63-7597886C9F9F}.Debug|x86.ActiveCfg = Debug|Any CPU
		{13AB89EA-7BC1-416E-AB63-7597886C9F9F}.Debug|x86.Build.0 = Debug|Any CPU
		{13AB89EA-7BC1-416E-AB63-7597886C9F9F}.Release|Any CPU.ActiveCfg = Release|Any CPU
		{13AB89EA-7BC1-416E-AB63-7597886C9F9F}.Release|Any CPU.Build.0 = Release|Any CPU
		{13AB89EA-7BC1-416E-AB63-7597886C9F9F}.Release|ARM.ActiveCfg = Release|Any CPU
		{13AB89EA-7BC1-416E-AB63-7597886C9F9F}.Release|ARM.Build.0 = Release|Any CPU
		{13AB89EA-7BC1-416E-AB63-7597886C9F9F}.Release|iPhone.ActiveCfg = Release|Any CPU
		{13AB89EA-7BC1-416E-AB63-7597886C9F9F}.Release|iPhone.Build.0 = Release|Any CPU
		{13AB89EA-7BC1-416E-AB63-7597886C9F9F}.Release|iPhoneSimulator.ActiveCfg = Release|Any CPU
		{13AB89EA-7BC1-416E-AB63-7597886C9F9F}.Release|iPhoneSimulator.Build.0 = Release|Any CPU
		{13AB89EA-7BC1-416E-AB63-7597886C9F9F}.Release|x64.ActiveCfg = Release|Any CPU
		{13AB89EA-7BC1-416E-AB63-7597886C9F9F}.Release|x64.Build.0 = Release|Any CPU
		{13AB89EA-7BC1-416E-AB63-7597886C9F9F}.Release|x86.ActiveCfg = Release|Any CPU
		{13AB89EA-7BC1-416E-AB63-7597886C9F9F}.Release|x86.Build.0 = Release|Any CPU
	EndGlobalSection
	GlobalSection(SolutionProperties) = preSolution
		HideSolutionNode = FALSE
	EndGlobalSection
	GlobalSection(NestedProjects) = preSolution
		{A83E14F5-1CFD-4710-B118-E0F267A7B912} = {8D8DDB36-6349-4108-926F-C73876318288}
		{EAFFB68A-4E9F-48FC-9477-88901241D2F3} = {401D688E-C9CF-4077-8F4D-DE00BCB45893}
		{FFA67AA3-DCCC-493E-A00B-0E7740E79048} = {401D688E-C9CF-4077-8F4D-DE00BCB45893}
		{A1EF62B7-95D0-45BE-B6A2-F624C2647401} = {401D688E-C9CF-4077-8F4D-DE00BCB45893}
		{13AB89EA-7BC1-416E-AB63-7597886C9F9F} = {401D688E-C9CF-4077-8F4D-DE00BCB45893}
	EndGlobalSection
	GlobalSection(ExtensibilityGlobals) = postSolution
		SolutionGuid = {66D1F32B-EE98-4043-A6A7-B6348F744FAC}
	EndGlobalSection
EndGlobal
